
Microsoft Visual Studio Solution File, Format Version 12.00
# Visual Studio 15
VisualStudioVersion = 15.0.27428.2043
MinimumVisualStudioVersion = 10.0.40219.1
Project("{FAE04EC0-301F-11D3-BF4B-00C04F79EFBC}") = "AppProyecto", "AppProyecto\AppProyecto.csproj", "{306CB2D7-5E79-487A-B749-9D72BE848D22}"
EndProject
Global
	GlobalSection(SolutionConfigurationPlatforms) = preSolution
		Debug|Any CPU = Debug|Any CPU
		Release|Any CPU = Release|Any CPU
	EndGlobalSection
	GlobalSection(ProjectConfigurationPlatforms) = postSolution
		{306CB2D7-5E79-487A-B749-9D72BE848D22}.Debug|Any CPU.ActiveCfg = Debug|Any CPU
		{306CB2D7-5E79-487A-B749-9D72BE848D22}.Debug|Any CPU.Build.0 = Debug|Any CPU
		{306CB2D7-5E79-487A-B749-9D72BE848D22}.Release|Any CPU.ActiveCfg = Release|Any CPU
		{306CB2D7-5E79-487A-B749-9D72BE848D22}.Release|Any CPU.Build.0 = Release|Any CPU
	EndGlobalSection
	GlobalSection(SolutionProperties) = preSolution
		HideSolutionNode = FALSE
	EndGlobalSection
	GlobalSection(ExtensibilityGlobals) = postSolution
		SolutionGuid = {F8E65840-3FBE-4305-B8D2-CE9E0FA0FEB2}
	EndGlobalSection
EndGlobal
